
Microsoft Visual Studio Solution File, Format Version 12.00
# Visual Studio 2013
VisualStudioVersion = 12.0.21005.1
MinimumVisualStudioVersion = 10.0.40219.1
Project("{8BC9CEB8-8B4A-11D0-8D11-00A0C91BC942}") = "栈与队列", "栈与队列\栈与队列.vcxproj", "{DD78BCD4-E642-486B-A4D1-63AEC6A8330C}"
EndProject
Project("{8BC9CEB8-8B4A-11D0-8D11-00A0C91BC942}") = "二叉树", "二叉树\二叉树.vcxproj", "{5D7C10C8-9E3A-4860-AE10-D0EEF9BFDD18}"
EndProject
Project("{8BC9CEB8-8B4A-11D0-8D11-00A0C91BC942}") = "基本排序算法", "基本排序算法\基本排序算法.vcxproj", "{D9F1F7DF-6683-4288-A763-5688E47C56DE}"
EndProject
Project("{8BC9CEB8-8B4A-11D0-8D11-00A0C91BC942}") = "链表", "LinedList\LinedList.vcxproj", "{D846D341-B62B-417D-B50E-5ADB6430D394}"
EndProject
Project("{8BC9CEB8-8B4A-11D0-8D11-00A0C91BC942}") = "二叉搜索树", "二叉搜索树\二叉搜索树.vcxproj", "{A74D2D16-C657-4559-9F76-2C5A1AC27E7E}"
EndProject
Project("{8BC9CEB8-8B4A-11D0-8D11-00A0C91BC942}") = "最短路径算法", "最短路径算法\最短路径算法.vcxproj", "{DE07269D-CAD0-4293-9F73-C481A5980C71}"
EndProject
Project("{8BC9CEB8-8B4A-11D0-8D11-00A0C91BC942}") = "优先队列", "优先队列\优先队列.vcxproj", "{CD581A75-7C5F-4500-90A8-BA857F6BBC4F}"
EndProject
Project("{8BC9CEB8-8B4A-11D0-8D11-00A0C91BC942}") = "AVL树", "AVL树\AVL树.vcxproj", "{C2950B95-AA10-4A79-AC6E-21F8AA888D85}"
EndProject
Project("{8BC9CEB8-8B4A-11D0-8D11-00A0C91BC942}") = "散列", "散列\散列.vcxproj", "{08D857F4-85EF-4579-9F30-13FB8E73B82E}"
EndProject
Project("{8BC9CEB8-8B4A-11D0-8D11-00A0C91BC942}") = "红黑树", "红黑树\红黑树.vcxproj", "{BE158CF7-8003-402A-B2B8-ACF0453FFE32}"
EndProject
Global
	GlobalSection(SolutionConfigurationPlatforms) = preSolution
		Debug|Win32 = Debug|Win32
		Release|Win32 = Release|Win32
	EndGlobalSection
	GlobalSection(ProjectConfigurationPlatforms) = postSolution
		{DD78BCD4-E642-486B-A4D1-63AEC6A8330C}.Debug|Win32.ActiveCfg = Debug|Win32
		{DD78BCD4-E642-486B-A4D1-63AEC6A8330C}.Debug|Win32.Build.0 = Debug|Win32
		{DD78BCD4-E642-486B-A4D1-63AEC6A8330C}.Release|Win32.ActiveCfg = Release|Win32
		{DD78BCD4-E642-486B-A4D1-63AEC6A8330C}.Release|Win32.Build.0 = Release|Win32
		{5D7C10C8-9E3A-4860-AE10-D0EEF9BFDD18}.Debug|Win32.ActiveCfg = Debug|Win32
		{5D7C10C8-9E3A-4860-AE10-D0EEF9BFDD18}.Debug|Win32.Build.0 = Debug|Win32
		{5D7C10C8-9E3A-4860-AE10-D0EEF9BFDD18}.Release|Win32.ActiveCfg = Release|Win32
		{5D7C10C8-9E3A-4860-AE10-D0EEF9BFDD18}.Release|Win32.Build.0 = Release|Win32
		{D9F1F7DF-6683-4288-A763-5688E47C56DE}.Debug|Win32.ActiveCfg = Debug|Win32
		{D9F1F7DF-6683-4288-A763-5688E47C56DE}.Debug|Win32.Build.0 = Debug|Win32
		{D9F1F7DF-6683-4288-A763-5688E47C56DE}.Release|Win32.ActiveCfg = Release|Win32
		{D9F1F7DF-6683-4288-A763-5688E47C56DE}.Release|Win32.Build.0 = Release|Win32
		{D846D341-B62B-417D-B50E-5ADB6430D394}.Debug|Win32.ActiveCfg = Debug|Win32
		{D846D341-B62B-417D-B50E-5ADB6430D394}.Debug|Win32.Build.0 = Debug|Win32
		{D846D341-B62B-417D-B50E-5ADB6430D394}.Release|Win32.ActiveCfg = Release|Win32
		{D846D341-B62B-417D-B50E-5ADB6430D394}.Release|Win32.Build.0 = Release|Win32
		{A74D2D16-C657-4559-9F76-2C5A1AC27E7E}.Debug|Win32.ActiveCfg = Debug|Win32
		{A74D2D16-C657-4559-9F76-2C5A1AC27E7E}.Debug|Win32.Build.0 = Debug|Win32
		{A74D2D16-C657-4559-9F76-2C5A1AC27E7E}.Release|Win32.ActiveCfg = Release|Win32
		{A74D2D16-C657-4559-9F76-2C5A1AC27E7E}.Release|Win32.Build.0 = Release|Win32
		{DE07269D-CAD0-4293-9F73-C481A5980C71}.Debug|Win32.ActiveCfg = Debug|Win32
		{DE07269D-CAD0-4293-9F73-C481A5980C71}.Debug|Win32.Build.0 = Debug|Win32
		{DE07269D-CAD0-4293-9F73-C481A5980C71}.Release|Win32.ActiveCfg = Release|Win32
		{DE07269D-CAD0-4293-9F73-C481A5980C71}.Release|Win32.Build.0 = Release|Win32
		{CD581A75-7C5F-4500-90A8-BA857F6BBC4F}.Debug|Win32.ActiveCfg = Debug|Win32
		{CD581A75-7C5F-4500-90A8-BA857F6BBC4F}.Debug|Win32.Build.0 = Debug|Win32
		{CD581A75-7C5F-4500-90A8-BA857F6BBC4F}.Release|Win32.ActiveCfg = Release|Win32
		{CD581A75-7C5F-4500-90A8-BA857F6BBC4F}.Release|Win32.Build.0 = Release|Win32
		{C2950B95-AA10-4A79-AC6E-21F8AA888D85}.Debug|Win32.ActiveCfg = Debug|Win32
		{C2950B95-AA10-4A79-AC6E-21F8AA888D85}.Debug|Win32.Build.0 = Debug|Win32
		{C2950B95-AA10-4A79-AC6E-21F8AA888D85}.Release|Win32.ActiveCfg = Release|Win32
		{C2950B95-AA10-4A79-AC6E-21F8AA888D85}.Release|Win32.Build.0 = Release|Win32
		{08D857F4-85EF-4579-9F30-13FB8E73B82E}.Debug|Win32.ActiveCfg = Debug|Win32
		{08D857F4-85EF-4579-9F30-13FB8E73B82E}.Debug|Win32.Build.0 = Debug|Win32
		{08D857F4-85EF-4579-9F30-13FB8E73B82E}.Release|Win32.ActiveCfg = Release|Win32
		{08D857F4-85EF-4579-9F30-13FB8E73B82E}.Release|Win32.Build.0 = Release|Win32
		{BE158CF7-8003-402A-B2B8-ACF0453FFE32}.Debug|Win32.ActiveCfg = Debug|Win32
		{BE158CF7-8003-402A-B2B8-ACF0453FFE32}.Debug|Win32.Build.0 = Debug|Win32
		{BE158CF7-8003-402A-B2B8-ACF0453FFE32}.Release|Win32.ActiveCfg = Release|Win32
		{BE158CF7-8003-402A-B2B8-ACF0453FFE32}.Release|Win32.Build.0 = Release|Win32
	EndGlobalSection
	GlobalSection(SolutionProperties) = preSolution
		HideSolutionNode = FALSE
	EndGlobalSection
EndGlobal
